# Generated by conda-lock.
# platform: win-64
# input_hash: b10dfcd328e7d3039334bd183f71496c319394d6b656db26ffdf314d351785c4
@EXPLICIT
https://conda.anaconda.org/conda-forge/noarch/python_abi-3.11-8_cp311.conda#8fcb6b0e2161850556231336dae58358
https://conda.anaconda.org/conda-forge/noarch/tzdata-2025b-h78e105d_0.conda#4222072737ccff51314b5ece9c7d6f5a
https://conda.anaconda.org/conda-forge/win-64/ucrt-10.0.26100.0-h57928b3_0.conda#71b24316859acd00bdb8b38f5e2ce328
https://conda.anaconda.org/conda-forge/win-64/winpty-0.4.3-4.tar.bz2#1cee351bf20b830d991dbe0bc8cd7dfe
https://conda.anaconda.org/conda-forge/noarch/ca-certificates-2025.11.12-h4c7d964_0.conda#f98fb7db808b94bc1ec5b0e62f9f1069
https://conda.anaconda.org/conda-forge/win-64/libwinpthread-12.0.0.r4.gg4f2fc60ca-h57928b3_10.conda#8a86073cf3b343b87d03f41790d8b4e5
https://conda.anaconda.org/conda-forge/win-64/vcomp14-14.44.35208-h818238b_32.conda#58f67b437acbf2764317ba273d731f1d
https://conda.anaconda.org/conda-forge/win-64/vc14_runtime-14.44.35208-h818238b_32.conda#378d5dcec45eaea8d303da6f00447ac0
https://conda.anaconda.org/conda-forge/win-64/vc-14.3-h2b53caa_32.conda#ef02bbe151253a72b8eda264a935db66
https://conda.anaconda.org/conda-forge/win-64/vs2015_runtime-14.44.35208-h38c0c73_32.conda#dfc1e5bbf1ecb0024a78e4e8bd45239d
https://conda.anaconda.org/conda-forge/win-64/aws-c-common-0.12.5-hfd05255_1.conda#47ade93c2f58573ad29519ab7be05321
https://conda.anaconda.org/conda-forge/win-64/bzip2-1.0.8-h0ad9c76_8.conda#1077e9333c41ff0be8edd1a5ec0ddace
https://conda.anaconda.org/conda-forge/win-64/c-ares-1.34.5-h2466b09_0.conda#b1f84168da1f0b76857df7e5817947a9
https://conda.anaconda.org/conda-forge/win-64/libabseil-20250512.1-cxx17_habfad5f_0.conda#d6a4cd236fc1c69a1cfc9698fb5e391f
https://conda.anaconda.org/conda-forge/win-64/libbrotlicommon-1.2.0-hc82b238_0.conda#a5607006c2135402ca3bb96ff9b87896
https://conda.anaconda.org/conda-forge/win-64/libcrc32c-1.1.2-h0e60522_0.tar.bz2#cd4cc2d0c610c8cb5419ccc979f2d6ce
https://conda.anaconda.org/conda-forge/win-64/libffi-3.4.6-h537db12_1.conda#85d8fa5e55ed8f93f874b3b23ed54ec6
https://conda.anaconda.org/conda-forge/win-64/libiconv-1.18-hc1393d2_2.conda#64571d1dd6cdcfa25d0664a5950fdaa2
https://conda.anaconda.org/conda-forge/win-64/libsodium-1.0.20-hc70643c_0.conda#198bb594f202b205c7d18b936fa4524f
https://conda.anaconda.org/conda-forge/win-64/libsqlite-3.51.0-hf5d6505_0.conda#d2c9300ebd2848862929b18c264d1b1e
https://conda.anaconda.org/conda-forge/win-64/libutf8proc-2.11.1-hb980946_0.conda#5e88284266faf1fb8655ecb325b0c554
https://conda.anaconda.org/conda-forge/win-64/libzlib-1.3.1-h2466b09_2.conda#41fbfac52c601159df6c01f875de31b9
https://conda.anaconda.org/conda-forge/win-64/llvm-openmp-21.1.6-h4fa8253_0.conda#92db366ac0d445e2a3f939b50a9437d1
https://conda.anaconda.org/conda-forge/win-64/lz4-c-1.10.0-h2466b09_1.conda#0b69331897a92fac3d8923549d48d092
https://conda.anaconda.org/conda-forge/win-64/openssl-3.6.0-h725018a_0.conda#84f8fb4afd1157f59098f618cd2437e4
https://conda.anaconda.org/conda-forge/win-64/snappy-1.2.2-h7fa0ca8_1.conda#3075846de68f942150069d4289aaad63
https://conda.anaconda.org/conda-forge/win-64/tk-8.6.13-h2c6b04d_3.conda#7cb36e506a7dba4817970f8adb6396f9
https://conda.anaconda.org/conda-forge/win-64/xz-5.2.6-h8d14728_0.tar.bz2#515d77642eaa3639413c6b1bc3f94219
https://conda.anaconda.org/conda-forge/win-64/yaml-0.2.5-h6a83c73_3.conda#433699cba6602098ae8957a323da2664
https://conda.anaconda.org/conda-forge/win-64/aws-c-cal-0.9.10-ha82e055_1.conda#11394bff1f454f58ee000350ff3c23a6
https://conda.anaconda.org/conda-forge/win-64/aws-c-compression-0.3.1-h83e01e5_8.conda#c531103556862e44ba19003638b72fb0
https://conda.anaconda.org/conda-forge/win-64/aws-c-sdkutils-0.2.4-h83e01e5_3.conda#1860dd0926b5eb0fcb19b581b908975b
https://conda.anaconda.org/conda-forge/win-64/aws-checksums-0.2.7-h83e01e5_4.conda#789551227529bc1c3ef3cbd1a2a1f5e4
https://conda.anaconda.org/conda-forge/win-64/krb5-1.21.3-hdf4eb48_0.conda#31aec030344e962fbd7dbbbbd68e60a9
https://conda.anaconda.org/conda-forge/win-64/libbrotlidec-1.2.0-h431afc6_0.conda#edc47a5d0ec6d95efefab3e99d0f4df0
https://conda.anaconda.org/conda-forge/win-64/libbrotlienc-1.2.0-ha521d6b_0.conda#f780291507a3f91d93a7147daea082f8
https://conda.anaconda.org/conda-forge/win-64/libevent-2.1.12-h3671451_1.conda#25efbd786caceef438be46da78a7b5ef
https://conda.anaconda.org/conda-forge/win-64/libprotobuf-6.31.1-hdcda5b4_2.conda#0e44c704760bbe4b696d981c3313f665
https://conda.anaconda.org/conda-forge/win-64/libre2-11-2025.11.05-h0eb2380_0.conda#960713477ad3d7f82e5199fa1b940495
https://conda.anaconda.org/conda-forge/win-64/libssh2-1.11.1-h9aa295b_0.conda#9dce2f112bfd3400f4f432b3d0ac07b2
https://conda.anaconda.org/conda-forge/win-64/libxml2-2.13.9-h741aa76_0.conda#333d21ab129d5fa5742225bf1d7557a5
https://conda.anaconda.org/conda-forge/win-64/python-3.11.0-hcf16a7b_0_cpython.tar.bz2#13ee3577afc291dabd2d9edc59736688
https://conda.anaconda.org/conda-forge/win-64/zstd-1.5.7-hbeecb71_2.conda#21f56217d6125fb30c3c3f10c786d751
https://conda.anaconda.org/conda-forge/noarch/asttokens-3.0.1-pyhd8ed1ab_0.conda#9673a61a297b00016442e022d689faa6
https://conda.anaconda.org/conda-forge/noarch/attrs-25.4.0-pyh71513ae_0.conda#c7944d55af26b6d2d7629e27e9a972c1
https://conda.anaconda.org/conda-forge/win-64/aws-c-io-0.23.3-h6f46d10_3.conda#dd719de51293043208c5b5da2db2e803
https://conda.anaconda.org/conda-forge/win-64/brotli-python-1.2.0-py311h69b5583_0.conda#2df0b338e8fb85c8bdcb38813165b48b
https://conda.anaconda.org/conda-forge/noarch/cached_property-1.5.2-pyha770c72_1.tar.bz2#576d629e47797577ab0f1b351297ef4a
https://conda.anaconda.org/conda-forge/noarch/certifi-2025.11.12-pyhd8ed1ab_0.conda#96a02a5c1a65470a7e4eedb644c872fd
https://conda.anaconda.org/conda-forge/noarch/charset-normalizer-3.4.4-pyhd8ed1ab_0.conda#a22d1fd9bf98827e280a02875d9a007a
https://conda.anaconda.org/conda-forge/noarch/colorama-0.4.6-pyhd8ed1ab_1.conda#962b9857ee8e7018c22f2776ffa0b2d7
https://conda.anaconda.org/conda-forge/noarch/comm-0.2.3-pyhe01879c_0.conda#2da13f2b299d8e1995bafbbe9689a2f7
https://conda.anaconda.org/conda-forge/win-64/debugpy-1.8.17-py311h5dfdfe8_0.conda#abd693d9f8de989841dba4d651acb6e4
https://conda.anaconda.org/conda-forge/noarch/decorator-5.2.1-pyhd8ed1ab_0.conda#9ce473d1d1be1cc3810856a48b3fab32
https://conda.anaconda.org/conda-forge/noarch/defusedxml-0.7.1-pyhd8ed1ab_0.tar.bz2#961b3a227b437d82ad7054484cfa71b2
https://conda.anaconda.org/conda-forge/noarch/executing-2.2.1-pyhd8ed1ab_0.conda#ff9efb7f7469aed3c4a8106ffa29593c
https://conda.anaconda.org/conda-forge/noarch/hpack-4.1.0-pyhd8ed1ab_0.conda#0a802cb9888dd14eeefc611f05c40b6e
https://conda.anaconda.org/conda-forge/noarch/hyperframe-6.1.0-pyhd8ed1ab_0.conda#8e6923fc12f1fe8f8c4e5c9f343256ac
https://conda.anaconda.org/conda-forge/noarch/idna-3.11-pyhd8ed1ab_0.conda#53abe63df7e10a6ba605dc5f9f961d36
https://conda.anaconda.org/conda-forge/noarch/json5-0.12.1-pyhd8ed1ab_0.conda#0fc93f473c31a2f85c0bde213e7c63ca
https://conda.anaconda.org/conda-forge/win-64/jsonpointer-3.0.0-py311h1ea47a8_2.conda#c8f80d7bee5c66371969936eba774c45
https://conda.anaconda.org/conda-forge/noarch/jupyterlab_widgets-3.0.16-pyhcf101f3_1.conda#dbf8b81974504fa51d34e436ca7ef389
https://conda.anaconda.org/conda-forge/noarch/lark-1.3.1-pyhd8ed1ab_0.conda#9b965c999135d43a3d0f7bd7d024e26a
https://conda.anaconda.org/conda-forge/win-64/libcurl-8.17.0-h43ecb02_0.conda#cfade9be135edb796837e7d4c288c0fb
https://conda.anaconda.org/conda-forge/win-64/libhwloc-2.12.1-default_h88281d1_1000.conda#e6298294e7612eccf57376a0683ddc80
https://conda.anaconda.org/conda-forge/win-64/libthrift-0.22.0-h23985f6_1.conda#556d49ad5c2ad553c2844cc570bb71c7
https://conda.anaconda.org/conda-forge/win-64/markupsafe-3.0.3-py311h3f79411_0.conda#f04c6970b6cce548de53b43f6be06586
https://conda.anaconda.org/conda-forge/noarch/narwhals-2.12.0-pyhcf101f3_0.conda#02cab382663872083b7e8675f09d9c21
https://conda.anaconda.org/conda-forge/noarch/nest-asyncio-1.6.0-pyhd8ed1ab_1.conda#598fd7d4d0de2455fb74f56063969a97
https://conda.anaconda.org/conda-forge/win-64/orc-2.2.1-h7414dfc_0.conda#a9b6ebf475194b0e5ad43168e9b936a7
https://conda.anaconda.org/conda-forge/noarch/packaging-25.0-pyh29332c3_1.conda#58335b26c38bf4a20f399384c33cbcf9
https://conda.anaconda.org/conda-forge/noarch/pandocfilters-1.5.0-pyhd8ed1ab_0.tar.bz2#457c2c8c08e54905d6954e79cb5b5db9
https://conda.anaconda.org/conda-forge/noarch/parso-0.8.5-pyhcf101f3_0.conda#a110716cdb11cf51482ff4000dc253d7
https://conda.anaconda.org/conda-forge/noarch/platformdirs-4.5.0-pyhcf101f3_0.conda#5c7a868f8241e64e1cf5fdf4962f23e2
https://conda.anaconda.org/conda-forge/noarch/prometheus_client-0.23.1-pyhd8ed1ab_0.conda#a1e91db2d17fd258c64921cb38e6745a
https://conda.anaconda.org/conda-forge/win-64/psutil-7.1.3-py311hf893f09_0.conda#697ef79a96ce3fb39ca62aa58a8915c7
https://conda.anaconda.org/conda-forge/noarch/pure_eval-0.2.3-pyhd8ed1ab_1.conda#3bfdfb8dbcdc4af1ae3f9a8eb3948f04
https://conda.anaconda.org/conda-forge/noarch/pycparser-2.22-pyh29332c3_1.conda#12c566707c80111f9799308d9e265aef
https://conda.anaconda.org/conda-forge/noarch/pygments-2.19.2-pyhd8ed1ab_0.conda#6b6ece66ebcae2d5f326c77ef2c5a066
https://conda.anaconda.org/conda-forge/noarch/python-fastjsonschema-2.21.2-pyhe01879c_0.conda#23029aae904a2ba587daba708208012f
https://conda.anaconda.org/conda-forge/noarch/python-json-logger-2.0.7-pyhd8ed1ab_0.conda#a61bf9ec79426938ff785eb69dbb1960
https://conda.anaconda.org/conda-forge/noarch/python-tzdata-2025.2-pyhd8ed1ab_0.conda#88476ae6ebd24f39261e0854ac244f33
https://conda.anaconda.org/conda-forge/noarch/pytz-2025.2-pyhd8ed1ab_0.conda#bc8e3267d44011051f2eb14d22fb0960
https://conda.anaconda.org/conda-forge/win-64/pywin32-311-py311hefeebc8_1.conda#c1cfe9f5d8e278cc4d2d4c7b0126634d
https://conda.anaconda.org/conda-forge/win-64/pywinpty-2.0.15-py311hda3d55a_1.conda#e5dd9afed138ff193d4593f1b15a388b
https://conda.anaconda.org/conda-forge/win-64/pyyaml-6.0.3-py311h3f79411_0.conda#4e9b677d70d641f233b29d5eab706e20
https://conda.anaconda.org/conda-forge/win-64/re2-2025.11.05-ha104f34_0.conda#50746f61f199c4c00d42e33f5d6cfd0b
https://conda.anaconda.org/conda-forge/noarch/rfc3986-validator-0.1.1-pyh9f0ad1d_0.tar.bz2#912a71cc01012ee38e6b90ddd561e36f
https://conda.anaconda.org/conda-forge/win-64/rpds-py-0.29.0-py311hf51aa87_0.conda#6a11e9de693a653f920fedc745cabf53
https://conda.anaconda.org/conda-forge/noarch/setuptools-80.9.0-pyhff2d567_0.conda#4de79c071274a53dcaf2a8c749d1499e
https://conda.anaconda.org/conda-forge/noarch/six-1.17.0-pyhe01879c_1.conda#3339e3b65d58accf4ca4fb8748ab16b3
https://conda.anaconda.org/conda-forge/noarch/sniffio-1.3.1-pyhd8ed1ab_2.conda#03fe290994c5e4ec17293cfb6bdce520
https://conda.anaconda.org/conda-forge/noarch/soupsieve-2.8-pyhd8ed1ab_0.conda#18c019ccf43769d211f2cf78e9ad46c2
https://conda.anaconda.org/conda-forge/noarch/threadpoolctl-3.6.0-pyhecae5ae_0.conda#9d64911b31d57ca443e9f1e36b04385f
https://conda.anaconda.org/conda-forge/noarch/tomli-2.3.0-pyhcf101f3_0.conda#d2732eb636c264dc9aa4cbee404b1a53
https://conda.anaconda.org/conda-forge/win-64/tornado-6.5.2-py311h3485c13_2.conda#56b468f7a48593bc555c35e4a610d1f2
https://conda.anaconda.org/conda-forge/noarch/traitlets-5.14.3-pyhd8ed1ab_1.conda#019a7385be9af33791c989871317e1ed
https://conda.anaconda.org/conda-forge/noarch/typing_extensions-4.15.0-pyhcf101f3_0.conda#0caa1af407ecff61170c9437a808404d
https://conda.anaconda.org/conda-forge/noarch/typing_utils-0.1.0-pyhd8ed1ab_1.conda#f6d7aa696c67756a650e91e15e88223c
https://conda.anaconda.org/conda-forge/noarch/uri-template-1.3.0-pyhd8ed1ab_1.conda#e7cb0f5745e4c5035a460248334af7eb
https://conda.anaconda.org/conda-forge/win-64/vl-convert-python-1.8.0-py311h7b6d46a_1.conda#2a6a5f34d46ade18ecb1db73c603f20f
https://conda.anaconda.org/conda-forge/noarch/wcwidth-0.2.14-pyhd8ed1ab_0.conda#7e1e5ff31239f9cd5855714df8a3783d
https://conda.anaconda.org/conda-forge/noarch/webcolors-25.10.0-pyhd8ed1ab_0.conda#6639b6b0d8b5a284f027a2003669aa65
https://conda.anaconda.org/conda-forge/noarch/webencodings-0.5.1-pyhd8ed1ab_3.conda#2841eb5bfc75ce15e9a0054b98dcd64d
https://conda.anaconda.org/conda-forge/noarch/websocket-client-1.9.0-pyhd8ed1ab_0.conda#2f1ed718fcd829c184a6d4f0f2e07409
https://conda.anaconda.org/conda-forge/noarch/wheel-0.45.1-pyhd8ed1ab_1.conda#75cb7132eb58d97896e173ef12ac9986
https://conda.anaconda.org/conda-forge/noarch/widgetsnbextension-4.0.15-pyhd8ed1ab_0.conda#dc257b7e7cad9b79c1dfba194e92297b
https://conda.anaconda.org/conda-forge/noarch/win_inet_pton-1.1.0-pyh7428d3b_8.conda#46e441ba871f524e2b067929da3051c2
https://conda.anaconda.org/conda-forge/win-64/wrapt-2.0.1-py311h3485c13_1.conda#6984e251174331af4da961ac6d859188
https://conda.anaconda.org/conda-forge/noarch/xyzservices-2025.10.0-pyhd8ed1ab_0.conda#c98904dfa356df2e386db8af043be202
https://conda.anaconda.org/conda-forge/win-64/zeromq-4.3.5-h5bddc39_9.conda#a6c8f8ee856f7c3c1576e14b86cd8038
https://conda.anaconda.org/conda-forge/noarch/zipp-3.23.0-pyhd8ed1ab_0.conda#df5e78d904988eb55042c0c97446079f
https://conda.anaconda.org/conda-forge/win-64/arro3-core-0.6.5-py311h18438d6_0.conda#7cc013dd91dce0e67580277746d73641
https://conda.anaconda.org/conda-forge/noarch/async-lru-2.0.5-pyh29332c3_0.conda#d9d0f99095a9bb7e3641bca8c6ad2ac7
https://conda.anaconda.org/conda-forge/win-64/aws-c-event-stream-0.5.6-h3116ff1_6.conda#3e3384e8f33ac0e7d22942d74c566c3e
https://conda.anaconda.org/conda-forge/win-64/aws-c-http-0.10.7-h52d8906_4.conda#0a8e38b5b7ef67f38d0159dc2578fcac
https://conda.anaconda.org/conda-forge/noarch/babel-2.17.0-pyhd8ed1ab_0.conda#0a01c169f0ab0f91b26e77a3301fbfe4
https://conda.anaconda.org/conda-forge/noarch/bleach-6.3.0-pyhcf101f3_0.conda#b1a27250d70881943cca0dd6b4ba0956
https://conda.anaconda.org/conda-forge/noarch/cached-property-1.5.2-hd8ed1ab_1.tar.bz2#9b347a7ec10940d3f7941ff6c460b551
https://conda.anaconda.org/conda-forge/win-64/cffi-2.0.0-py311h3485c13_1.conda#f02335db0282d5077df5bc84684f7ff9
https://conda.anaconda.org/conda-forge/noarch/click-8.3.1-pyh7428d3b_0.conda#26ba5c13d304249a96d0852a9138aac6
https://conda.anaconda.org/conda-forge/noarch/exceptiongroup-1.3.0-pyhd8ed1ab_0.conda#72e42d28960d875c7654614f8b50939a
https://conda.anaconda.org/conda-forge/noarch/h11-0.16.0-pyhd8ed1ab_0.conda#4b69232755285701bc86a5afe4d9933a
https://conda.anaconda.org/conda-forge/noarch/h2-4.3.0-pyhcf101f3_0.conda#164fc43f0b53b6e3a7bc7dce5e4f1dc9
https://conda.anaconda.org/conda-forge/noarch/importlib-metadata-8.7.0-pyhe01879c_1.conda#63ccfdc3a3ce25b027b8767eb722fca8
https://conda.anaconda.org/conda-forge/noarch/importlib_resources-6.5.2-pyhd8ed1ab_0.conda#c85c76dc67d75619a92f51dfbce06992
https://conda.anaconda.org/conda-forge/noarch/ipython_pygments_lexers-1.1.1-pyhd8ed1ab_0.conda#bd80ba060603cc228d9d81c257093119
https://conda.anaconda.org/conda-forge/noarch/jedi-0.19.2-pyhd8ed1ab_1.conda#a4f4c5dc9b80bc50e0d3dc4e6e8f1bd9
https://conda.anaconda.org/conda-forge/noarch/jinja2-3.1.6-pyhd8ed1ab_0.conda#446bd6c8cb26050d528881df495ce646
https://conda.anaconda.org/conda-forge/noarch/joblib-1.5.2-pyhd8ed1ab_0.conda#4e717929cfa0d49cef92d911e31d0e90
https://conda.anaconda.org/conda-forge/noarch/jupyter_core-5.9.1-pyh6dadd2b_0.conda#a8db462b01221e9f5135be466faeb3e0
https://conda.anaconda.org/conda-forge/noarch/jupyterlab_pygments-0.3.0-pyhd8ed1ab_2.conda#fd312693df06da3578383232528c468d
https://conda.anaconda.org/conda-forge/win-64/libgrpc-1.73.1-h317e13b_1.conda#855b10d858d6c078a28d670cf32baa67
https://conda.anaconda.org/conda-forge/noarch/matplotlib-inline-0.2.1-pyhd8ed1ab_0.conda#00e120ce3e40bad7bfc78861ce3c4a25
https://conda.anaconda.org/conda-forge/noarch/mistune-3.1.4-pyhcf101f3_0.conda#f5a4d548d1d3bdd517260409fc21e205
https://conda.anaconda.org/conda-forge/noarch/overrides-7.7.0-pyhd8ed1ab_1.conda#e51f1e4089cad105b6cac64bd8166587
https://conda.anaconda.org/conda-forge/noarch/pip-25.3-pyh8b19718_0.conda#c55515ca43c6444d2572e0f0d93cb6b9
https://conda.anaconda.org/conda-forge/noarch/prompt-toolkit-3.0.52-pyha770c72_0.conda#edb16f14d920fb3faf17f5ce582942d6
https://conda.anaconda.org/conda-forge/noarch/psygnal-0.15.0-pyhd8ed1ab_0.conda#ef00b893b0d58072a34915459b2309d6
https://conda.anaconda.org/conda-forge/noarch/pysocks-1.7.1-pyh09c184e_7.conda#e2fd202833c4a981ce8a65974fe4abd1
https://conda.anaconda.org/conda-forge/noarch/python-dateutil-2.9.0.post0-pyhe01879c_2.conda#5b8d21249ff20967101ffa321cab24e8
https://conda.anaconda.org/conda-forge/win-64/pyzmq-27.1.0-py311hb77b9c8_0.conda#96460f14570e237d27b475ef8238fdf3
https://conda.anaconda.org/conda-forge/noarch/referencing-0.37.0-pyhcf101f3_0.conda#870293df500ca7e18bedefa5838a22ab
https://conda.anaconda.org/conda-forge/noarch/rfc3339-validator-0.1.4-pyhd8ed1ab_1.conda#36de09a8d3e5d5e6f4ee63af49e59706
https://conda.anaconda.org/conda-forge/noarch/rfc3987-syntax-1.1.0-pyhe01879c_1.conda#7234f99325263a5af6d4cd195035e8f2
https://conda.anaconda.org/conda-forge/noarch/send2trash-1.8.3-pyh5737063_1.conda#e6a4e906051565caf5fdae5b0415b654
https://conda.anaconda.org/conda-forge/noarch/stack_data-0.6.3-pyhd8ed1ab_1.conda#b1b505328da7a6b246787df4b5a49fbc
https://conda.anaconda.org/conda-forge/win-64/tbb-2022.3.0-hd094cb3_1.conda#17c38aaf14c640b85c4617ccb59c1146
https://conda.anaconda.org/conda-forge/noarch/terminado-0.18.1-pyh5737063_0.conda#4abd500577430a942a995fd0d09b76a2
https://conda.anaconda.org/conda-forge/noarch/tinycss2-1.5.0-pyhcf101f3_0.conda#2caf483992d5d92b232451f843bdc8af
https://conda.anaconda.org/conda-forge/noarch/typing-extensions-4.15.0-h396c80c_0.conda#edd329d7d3a4ab45dcf905899a7a6115
https://conda.anaconda.org/conda-forge/noarch/anyio-4.11.0-pyhcf101f3_0.conda#814472b61da9792fae28156cb9ee54f5
https://conda.anaconda.org/conda-forge/win-64/argon2-cffi-bindings-25.1.0-py311h3485c13_2.conda#5fde0926a521a37d454a5e3162cb6e51
https://conda.anaconda.org/conda-forge/noarch/arrow-1.4.0-pyhcf101f3_0.conda#85c4f19f377424eafc4ed7911b291642
https://conda.anaconda.org/conda-forge/win-64/aws-c-auth-0.9.1-h06c2b12_7.conda#800fe3ae781677fc4b5225f51129e00e
https://conda.anaconda.org/conda-forge/win-64/aws-c-mqtt-0.13.3-h9821516_10.conda#c074aef20987db9d2968a5e1242b2515
https://conda.anaconda.org/conda-forge/noarch/beautifulsoup4-4.14.2-pyha770c72_0.conda#749ebebabc2cae99b2e5b3edd04c6ca2
https://conda.anaconda.org/conda-forge/noarch/bleach-with-css-6.3.0-h5f6438b_0.conda#08a03378bc5293c6f97637323802f480
https://conda.anaconda.org/conda-forge/noarch/fqdn-1.5.1-pyhd8ed1ab_1.conda#d3549fd50d450b6d9e7dddff25dd2110
https://conda.anaconda.org/conda-forge/noarch/ipython-9.7.0-pyhe2676ad_0.conda#a1ac3cd378490356e0299d0ca95809d1
https://conda.anaconda.org/conda-forge/noarch/jsonschema-specifications-2025.9.1-pyhcf101f3_0.conda#439cd0f567d697b20a8f45cb70a1005a
https://conda.anaconda.org/conda-forge/noarch/jupyter_client-8.6.3-pyhd8ed1ab_1.conda#4ebae00eae9705b0c3d6d1018a81d047
https://conda.anaconda.org/conda-forge/noarch/jupyter_server_terminals-0.5.3-pyhd8ed1ab_1.conda#2d983ff1b82a1ccb6f2e9d8784bdd6bd
https://conda.anaconda.org/conda-forge/win-64/libgoogle-cloud-2.39.0-h19ee442_0.conda#c2c512f98c5c666782779439356a1713
https://conda.anaconda.org/conda-forge/noarch/mercantile-1.2.1-pyhd8ed1ab_1.conda#9820756deea38bd213240fd0556d44b8
https://conda.anaconda.org/conda-forge/win-64/mkl-2025.3.0-hac47afa_454.conda#c83ec81713512467dfe1b496a8292544
https://conda.anaconda.org/conda-forge/win-64/vegafusion-2.0.3-py311h0c8fe16_0.conda#d082f00bc51792a74c2a72498dcd139f
https://conda.anaconda.org/conda-forge/win-64/zstandard-0.25.0-py311hf893f09_1.conda#b2d90bca78b57c17205ce3ca1c427813
https://conda.anaconda.org/conda-forge/noarch/argon2-cffi-25.1.0-pyhd8ed1ab_0.conda#8ac12aff0860280ee0cff7fa2cf63f3b
https://conda.anaconda.org/conda-forge/win-64/aws-c-s3-0.10.1-he380ad5_2.conda#f50a31a10ee0c342ed17750a208285d8
https://conda.anaconda.org/conda-forge/noarch/httpcore-1.0.9-pyh29332c3_0.conda#4f14640d58e2cc0aa0819d9d8ba125bb
https://conda.anaconda.org/conda-forge/noarch/ipykernel-7.1.0-pyh6dadd2b_0.conda#f22cb16c5ad68fd33d0f65c8739b6a06
https://conda.anaconda.org/conda-forge/noarch/ipywidgets-8.1.8-pyhd8ed1ab_0.conda#d68e3f70d1f068f1b66d94822fdc644e
https://conda.anaconda.org/conda-forge/noarch/isoduration-20.11.0-pyhd8ed1ab_1.conda#0b0154421989637d424ccf0f104be51a
https://conda.anaconda.org/conda-forge/noarch/jsonschema-4.25.1-pyhe01879c_0.conda#341fd940c242cf33e832c0402face56f
https://conda.anaconda.org/conda-forge/win-64/libblas-3.11.0-1_hf2e6a31_mkl.conda#94f4522e5358b8fb4e6f65e5b6874566
https://conda.anaconda.org/conda-forge/win-64/libgoogle-cloud-storage-2.39.0-he04ea4c_0.conda#26198e3dc20bbcbea8dd6fa5ab7ea1e0
https://conda.anaconda.org/conda-forge/noarch/urllib3-2.5.0-pyhd8ed1ab_0.conda#436c165519e140cb08d246a4472a9d6a
https://conda.anaconda.org/conda-forge/noarch/altair-6.0.0-pyhd8ed1ab_1.conda#36a31df7e76e845fb87f8d0a2c8c5ebf
https://conda.anaconda.org/conda-forge/noarch/anywidget-0.9.21-pyhd8ed1ab_0.conda#57f60e533706612b69fe7db6980aec67
https://conda.anaconda.org/conda-forge/win-64/aws-crt-cpp-0.35.2-h1a9a3a2_4.conda#832762e4fef8d8719b502a11e7cbb3d8
https://conda.anaconda.org/conda-forge/noarch/httpx-0.28.1-pyhd8ed1ab_0.conda#d6989ead454181f4f9bc987d3dc4e285
https://conda.anaconda.org/conda-forge/noarch/jsonschema-with-format-nongpl-4.25.1-he01879c_0.conda#13e31c573c884962318a738405ca3487
https://conda.anaconda.org/conda-forge/win-64/libcblas-3.11.0-1_h2a3cdd5_mkl.conda#4902195c3faaf243e754b83701ec0456
https://conda.anaconda.org/conda-forge/win-64/liblapack-3.11.0-1_hf9ab0e9_mkl.conda#add9b463654bd4a48e0a1b7855a09963
https://conda.anaconda.org/conda-forge/noarch/nbformat-5.10.4-pyhd8ed1ab_1.conda#bbe1963f1e47f594070ffe87cdf612ea
https://conda.anaconda.org/conda-forge/noarch/requests-2.32.5-pyhd8ed1ab_0.conda#db0c6b99149880c8ba515cf4abe93ee4
https://conda.anaconda.org/conda-forge/noarch/altair_tiles-0.4.0-pyhd8ed1ab_0.conda#591c8aed9f840a2a17202f2b9f93329b
https://conda.anaconda.org/conda-forge/win-64/aws-sdk-cpp-1.11.606-h6446450_7.conda#d86a310ea5d7f2f6030bd7e15527b670
https://conda.anaconda.org/conda-forge/noarch/jupyter_events-0.12.0-pyh29332c3_0.conda#f56000b36f09ab7533877e695e4e8cb0
https://conda.anaconda.org/conda-forge/noarch/nbclient-0.10.2-pyhd8ed1ab_0.conda#6bb0d77277061742744176ab555b723c
https://conda.anaconda.org/conda-forge/win-64/numpy-2.3.5-py311h80b3fa1_0.conda#1e0fb210584b09130000c4404b77f0f6
https://conda.anaconda.org/conda-forge/win-64/libarrow-22.0.0-h117da51_4_cpu.conda#f84b0ac3486f3949104ac3f343634877
https://conda.anaconda.org/conda-forge/noarch/nbconvert-core-7.16.6-pyhcf101f3_1.conda#cfc86ccc3b1de35d36ccaae4c50391f5
https://conda.anaconda.org/conda-forge/win-64/pandas-2.3.3-py311h11fd7f3_1.conda#638efaab6727c18c6ade0488b72bdfe4
https://conda.anaconda.org/conda-forge/win-64/scipy-1.16.3-py311hf127856_1.conda#48d562b3a3fb120d7c3f5e6af6d4b3e9
https://conda.anaconda.org/conda-forge/noarch/jupyter_server-2.17.0-pyhcf101f3_0.conda#d79a87dcfa726bcea8e61275feed6f83
https://conda.anaconda.org/conda-forge/win-64/libarrow-compute-22.0.0-h2db994a_4_cpu.conda#8b416d4245113c42f37f024d75598efe
https://conda.anaconda.org/conda-forge/win-64/libparquet-22.0.0-h7051d1f_4_cpu.conda#6fab9241407392bbbab0a2c6dc80e688
https://conda.anaconda.org/conda-forge/win-64/scikit-learn-1.7.2-py311h8a15ebc_0.conda#f4ca4045c4da60540399bd67b4e1490f
https://conda.anaconda.org/conda-forge/noarch/vega_datasets-0.9.0-pyhd8ed1ab_1.conda#a2208a412fdfefbd36e9c740da9a3f3b
https://conda.anaconda.org/conda-forge/noarch/jupyter-lsp-2.3.0-pyhcf101f3_0.conda#62b7c96c6cd77f8173cc5cada6a9acaa
https://conda.anaconda.org/conda-forge/noarch/jupyterlab_server-2.28.0-pyhcf101f3_0.conda#a63877cb23de826b1620d3adfccc4014
https://conda.anaconda.org/conda-forge/win-64/libarrow-acero-22.0.0-h7d8d6a5_4_cpu.conda#c8ea0681d0dcf1e1a0722ea3c916bca1
https://conda.anaconda.org/conda-forge/noarch/notebook-shim-0.2.4-pyhd8ed1ab_1.conda#e7f89ea5f7ea9401642758ff50a2d9c1
https://conda.anaconda.org/conda-forge/win-64/pyarrow-core-22.0.0-py311ha836b3b_0_cpu.conda#3037afe2e593d44577da79ea5b93f257
https://conda.anaconda.org/conda-forge/noarch/jupyterlab-4.5.0-pyhd8ed1ab_0.conda#e6dc3d6bf1591f0ebe8e77959e950660
https://conda.anaconda.org/conda-forge/win-64/libarrow-dataset-22.0.0-h7d8d6a5_4_cpu.conda#cfec90bf4005cdfa5a47170b15174c25
https://conda.anaconda.org/conda-forge/win-64/libarrow-substrait-22.0.0-hf865cc0_4_cpu.conda#6c44b4c5d10c20d08059350e4be2a2c3
https://conda.anaconda.org/conda-forge/noarch/notebook-7.5.0-pyhcf101f3_0.conda#3cf7402eb77b6434e830b6863a0e6118
https://conda.anaconda.org/conda-forge/noarch/nb_conda_kernels-2.5.1-pyh7428d3b_2.conda#98cde27e2a499d1948e95eb1f1e569f3
https://conda.anaconda.org/conda-forge/win-64/pyarrow-22.0.0-py311h1ea47a8_0.conda#e9ea6679fcfce0325bb5e02abf50f3fd
https://conda.anaconda.org/conda-forge/noarch/altair-all-6.0.0-pyhd8ed1ab_1.conda#db4632b92abbe3a64580dc7887898356
# pip graphviz @ https://files.pythonhosted.org/packages/91/4c/e0ce1ef95d4000ebc1c11801f9b944fa5910ecc15b5e351865763d8657f8/graphviz-0.21-py3-none-any.whl#sha256=54f33de9f4f911d7e84e4191749cac8cc5653f815b06738c54db9a15ab8b1e42
# pip altair-ally @ https://files.pythonhosted.org/packages/ca/b3/df528cb8c8242485b7f5d4d973fea5233b216486b3e1d2d8b14d92772ddf/altair_ally-0.1.1.tar.gz#sha256=f8b7179fda6335322048f71ec29b827b63f658e8a9fb54426927597eeb1f446e
